
Microsoft Visual Studio Solution File, Format Version 12.00
Project("{2150E333-8FDC-42A3-9474-1A3956D46DE8}") = "Services", "Services", "{D46C2469-08AA-4454-83AE-FBF4DFF261EA}"
EndProject
Project("{2150E333-8FDC-42A3-9474-1A3956D46DE8}") = "Catalog", "Catalog", "{231980B2-C66D-4B5E-BD4A-93BD5EDCABB4}"
EndProject
Project("{FAE04EC0-301F-11D3-BF4B-00C04F79EFBC}") = "Catalog.Api", "Services\Catalog\Catalog.Api\Catalog.Api.csproj", "{7C9DF8A2-1F0C-4FE6-8DA5-E05A2CA4C2DF}"
EndProject
Project("{2150E333-8FDC-42A3-9474-1A3956D46DE8}") = "Solution Items", "Solution Items", "{206B58F9-18BE-4471-AE0A-672E2908CF2B}"
	ProjectSection(SolutionItems) = preProject
		docker-compose.yml = docker-compose.yml
		.editorconfig = .editorconfig
		docker-compose.override.yml = docker-compose.override.yml
		Directory.Packages.props = Directory.Packages.props
	EndProjectSection
EndProject
Project("{2150E333-8FDC-42A3-9474-1A3956D46DE8}") = "BuildingBlocks", "BuildingBlocks", "{6096257E-109E-4FD5-A60A-0318F62F08CF}"
EndProject
Project("{FAE04EC0-301F-11D3-BF4B-00C04F79EFBC}") = "BuildingBlocks", "BuildingBlocks\BuildingBlocks\BuildingBlocks.csproj", "{82EB2849-D1CB-4F24-945C-A0D5968DEFE2}"
EndProject
Project("{2150E333-8FDC-42A3-9474-1A3956D46DE8}") = "Basket", "Basket", "{CB9F503C-9FDA-445E-9039-298E50197D84}"
EndProject
Project("{FAE04EC0-301F-11D3-BF4B-00C04F79EFBC}") = "Basket.Api", "Services\Basket\Basket.Api\Basket.Api.csproj", "{DF7ED2CD-38D4-49D4-9F04-E10A73C3BB4D}"
EndProject
Project("{2150E333-8FDC-42A3-9474-1A3956D46DE8}") = "Discount", "Discount", "{32821989-735C-492D-9E29-7A85E3C0C3C1}"
EndProject
Project("{FAE04EC0-301F-11D3-BF4B-00C04F79EFBC}") = "Discount.Grpc", "Services\Discount\Discount.Grpc\Discount.Grpc.csproj", "{1BABD713-454D-4C9E-9FE8-5F5623267F97}"
EndProject
Project("{2150E333-8FDC-42A3-9474-1A3956D46DE8}") = "Ordering", "Ordering", "{D8043BFA-2316-4736-9552-9B27DC962E72}"
EndProject
Project("{FAE04EC0-301F-11D3-BF4B-00C04F79EFBC}") = "Ordering.Domain", "Services\Ordering\Ordering.Domain\Ordering.Domain.csproj", "{E771EEE9-72B8-478A-89F1-6C3C69E77707}"
EndProject
Project("{FAE04EC0-301F-11D3-BF4B-00C04F79EFBC}") = "Ordering.API", "Services\Ordering\Ordering.API\Ordering.API.csproj", "{0A326479-4E02-49E3-880E-2ABA91B09544}"
EndProject
Project("{FAE04EC0-301F-11D3-BF4B-00C04F79EFBC}") = "Ordering.Application", "Services\Ordering\Ordering.Application\Ordering.Application.csproj", "{443D0441-3F7A-491B-ABBA-BA790B94C8D0}"
EndProject
Project("{FAE04EC0-301F-11D3-BF4B-00C04F79EFBC}") = "Ordering.Infrastructure", "Services\Ordering\Ordering.Infrastructure\Ordering.Infrastructure.csproj", "{07794E97-59A0-41B9-9075-0016CABF940A}"
EndProject
Project("{FAE04EC0-301F-11D3-BF4B-00C04F79EFBC}") = "BuildingBlocks.Messaging", "BuildingBlocks\BuildingBlocks.Messaging\BuildingBlocks.Messaging.csproj", "{C20507F0-0943-4CB2-8E39-21E6183701B4}"
EndProject
Global
	GlobalSection(SolutionConfigurationPlatforms) = preSolution
		Debug|Any CPU = Debug|Any CPU
		Release|Any CPU = Release|Any CPU
	EndGlobalSection
	GlobalSection(NestedProjects) = preSolution
		{231980B2-C66D-4B5E-BD4A-93BD5EDCABB4} = {D46C2469-08AA-4454-83AE-FBF4DFF261EA}
		{7C9DF8A2-1F0C-4FE6-8DA5-E05A2CA4C2DF} = {231980B2-C66D-4B5E-BD4A-93BD5EDCABB4}
		{82EB2849-D1CB-4F24-945C-A0D5968DEFE2} = {6096257E-109E-4FD5-A60A-0318F62F08CF}
		{CB9F503C-9FDA-445E-9039-298E50197D84} = {D46C2469-08AA-4454-83AE-FBF4DFF261EA}
		{DF7ED2CD-38D4-49D4-9F04-E10A73C3BB4D} = {CB9F503C-9FDA-445E-9039-298E50197D84}
		{32821989-735C-492D-9E29-7A85E3C0C3C1} = {D46C2469-08AA-4454-83AE-FBF4DFF261EA}
		{1BABD713-454D-4C9E-9FE8-5F5623267F97} = {32821989-735C-492D-9E29-7A85E3C0C3C1}
		{D8043BFA-2316-4736-9552-9B27DC962E72} = {D46C2469-08AA-4454-83AE-FBF4DFF261EA}
		{E771EEE9-72B8-478A-89F1-6C3C69E77707} = {D8043BFA-2316-4736-9552-9B27DC962E72}
		{0A326479-4E02-49E3-880E-2ABA91B09544} = {D8043BFA-2316-4736-9552-9B27DC962E72}
		{443D0441-3F7A-491B-ABBA-BA790B94C8D0} = {D8043BFA-2316-4736-9552-9B27DC962E72}
		{07794E97-59A0-41B9-9075-0016CABF940A} = {D8043BFA-2316-4736-9552-9B27DC962E72}
		{C20507F0-0943-4CB2-8E39-21E6183701B4} = {6096257E-109E-4FD5-A60A-0318F62F08CF}
	EndGlobalSection
	GlobalSection(ProjectConfigurationPlatforms) = postSolution
		{7C9DF8A2-1F0C-4FE6-8DA5-E05A2CA4C2DF}.Debug|Any CPU.ActiveCfg = Debug|Any CPU
		{7C9DF8A2-1F0C-4FE6-8DA5-E05A2CA4C2DF}.Debug|Any CPU.Build.0 = Debug|Any CPU
		{7C9DF8A2-1F0C-4FE6-8DA5-E05A2CA4C2DF}.Release|Any CPU.ActiveCfg = Release|Any CPU
		{7C9DF8A2-1F0C-4FE6-8DA5-E05A2CA4C2DF}.Release|Any CPU.Build.0 = Release|Any CPU
		{82EB2849-D1CB-4F24-945C-A0D5968DEFE2}.Debug|Any CPU.ActiveCfg = Debug|Any CPU
		{82EB2849-D1CB-4F24-945C-A0D5968DEFE2}.Debug|Any CPU.Build.0 = Debug|Any CPU
		{82EB2849-D1CB-4F24-945C-A0D5968DEFE2}.Release|Any CPU.ActiveCfg = Release|Any CPU
		{82EB2849-D1CB-4F24-945C-A0D5968DEFE2}.Release|Any CPU.Build.0 = Release|Any CPU
		{DF7ED2CD-38D4-49D4-9F04-E10A73C3BB4D}.Debug|Any CPU.ActiveCfg = Debug|Any CPU
		{DF7ED2CD-38D4-49D4-9F04-E10A73C3BB4D}.Debug|Any CPU.Build.0 = Debug|Any CPU
		{DF7ED2CD-38D4-49D4-9F04-E10A73C3BB4D}.Release|Any CPU.ActiveCfg = Release|Any CPU
		{DF7ED2CD-38D4-49D4-9F04-E10A73C3BB4D}.Release|Any CPU.Build.0 = Release|Any CPU
		{1BABD713-454D-4C9E-9FE8-5F5623267F97}.Debug|Any CPU.ActiveCfg = Debug|Any CPU
		{1BABD713-454D-4C9E-9FE8-5F5623267F97}.Debug|Any CPU.Build.0 = Debug|Any CPU
		{1BABD713-454D-4C9E-9FE8-5F5623267F97}.Release|Any CPU.ActiveCfg = Release|Any CPU
		{1BABD713-454D-4C9E-9FE8-5F5623267F97}.Release|Any CPU.Build.0 = Release|Any CPU
		{E771EEE9-72B8-478A-89F1-6C3C69E77707}.Debug|Any CPU.ActiveCfg = Debug|Any CPU
		{E771EEE9-72B8-478A-89F1-6C3C69E77707}.Debug|Any CPU.Build.0 = Debug|Any CPU
		{E771EEE9-72B8-478A-89F1-6C3C69E77707}.Release|Any CPU.ActiveCfg = Release|Any CPU
		{E771EEE9-72B8-478A-89F1-6C3C69E77707}.Release|Any CPU.Build.0 = Release|Any CPU
		{0A326479-4E02-49E3-880E-2ABA91B09544}.Debug|Any CPU.ActiveCfg = Debug|Any CPU
		{0A326479-4E02-49E3-880E-2ABA91B09544}.Debug|Any CPU.Build.0 = Debug|Any CPU
		{0A326479-4E02-49E3-880E-2ABA91B09544}.Release|Any CPU.ActiveCfg = Release|Any CPU
		{0A326479-4E02-49E3-880E-2ABA91B09544}.Release|Any CPU.Build.0 = Release|Any CPU
		{443D0441-3F7A-491B-ABBA-BA790B94C8D0}.Debug|Any CPU.ActiveCfg = Debug|Any CPU
		{443D0441-3F7A-491B-ABBA-BA790B94C8D0}.Debug|Any CPU.Build.0 = Debug|Any CPU
		{443D0441-3F7A-491B-ABBA-BA790B94C8D0}.Release|Any CPU.ActiveCfg = Release|Any CPU
		{443D0441-3F7A-491B-ABBA-BA790B94C8D0}.Release|Any CPU.Build.0 = Release|Any CPU
		{07794E97-59A0-41B9-9075-0016CABF940A}.Debug|Any CPU.ActiveCfg = Debug|Any CPU
		{07794E97-59A0-41B9-9075-0016CABF940A}.Debug|Any CPU.Build.0 = Debug|Any CPU
		{07794E97-59A0-41B9-9075-0016CABF940A}.Release|Any CPU.ActiveCfg = Release|Any CPU
		{07794E97-59A0-41B9-9075-0016CABF940A}.Release|Any CPU.Build.0 = Release|Any CPU
		{C20507F0-0943-4CB2-8E39-21E6183701B4}.Debug|Any CPU.ActiveCfg = Debug|Any CPU
		{C20507F0-0943-4CB2-8E39-21E6183701B4}.Debug|Any CPU.Build.0 = Debug|Any CPU
		{C20507F0-0943-4CB2-8E39-21E6183701B4}.Release|Any CPU.ActiveCfg = Release|Any CPU
		{C20507F0-0943-4CB2-8E39-21E6183701B4}.Release|Any CPU.Build.0 = Release|Any CPU
	EndGlobalSection
EndGlobal
