
Microsoft Visual Studio Solution File, Format Version 12.00
Project("{2150E333-8FDC-42A3-9474-1A3956D46DE8}") = "Services", "Services", "{D46C2469-08AA-4454-83AE-FBF4DFF261EA}"
EndProject
Project("{2150E333-8FDC-42A3-9474-1A3956D46DE8}") = "Catalog", "Catalog", "{231980B2-C66D-4B5E-BD4A-93BD5EDCABB4}"
EndProject
Project("{FAE04EC0-301F-11D3-BF4B-00C04F79EFBC}") = "Catalog.Api", "Services\Catalog\Catalog.Api\Catalog.Api.csproj", "{7C9DF8A2-1F0C-4FE6-8DA5-E05A2CA4C2DF}"
EndProject
Project("{2150E333-8FDC-42A3-9474-1A3956D46DE8}") = "Solution Items", "Solution Items", "{206B58F9-18BE-4471-AE0A-672E2908CF2B}"
	ProjectSection(SolutionItems) = preProject
		docker-compose.yml = docker-compose.yml
		.editorconfig = .editorconfig
		docker-compose.override.yml = docker-compose.override.yml
	EndProjectSection
EndProject
Project("{2150E333-8FDC-42A3-9474-1A3956D46DE8}") = "BuildingBlocks", "BuildingBlocks", "{6096257E-109E-4FD5-A60A-0318F62F08CF}"
EndProject
Project("{FAE04EC0-301F-11D3-BF4B-00C04F79EFBC}") = "BuildingBlocks", "BuildingBlocks\BuildingBlocks\BuildingBlocks.csproj", "{82EB2849-D1CB-4F24-945C-A0D5968DEFE2}"
EndProject
Project("{2150E333-8FDC-42A3-9474-1A3956D46DE8}") = "Basket", "Basket", "{CB9F503C-9FDA-445E-9039-298E50197D84}"
EndProject
Project("{FAE04EC0-301F-11D3-BF4B-00C04F79EFBC}") = "Basket.Api", "Services\Basket\Basket.Api\Basket.Api.csproj", "{DF7ED2CD-38D4-49D4-9F04-E10A73C3BB4D}"
EndProject
Project("{2150E333-8FDC-42A3-9474-1A3956D46DE8}") = "Discount", "Discount", "{32821989-735C-492D-9E29-7A85E3C0C3C1}"
EndProject
Project("{FAE04EC0-301F-11D3-BF4B-00C04F79EFBC}") = "Discount.Grpc", "Services\Discount\Discount.Grpc\Discount.Grpc.csproj", "{1BABD713-454D-4C9E-9FE8-5F5623267F97}"
EndProject
Global
	GlobalSection(SolutionConfigurationPlatforms) = preSolution
		Debug|Any CPU = Debug|Any CPU
		Release|Any CPU = Release|Any CPU
	EndGlobalSection
	GlobalSection(NestedProjects) = preSolution
		{231980B2-C66D-4B5E-BD4A-93BD5EDCABB4} = {D46C2469-08AA-4454-83AE-FBF4DFF261EA}
		{7C9DF8A2-1F0C-4FE6-8DA5-E05A2CA4C2DF} = {231980B2-C66D-4B5E-BD4A-93BD5EDCABB4}
		{82EB2849-D1CB-4F24-945C-A0D5968DEFE2} = {6096257E-109E-4FD5-A60A-0318F62F08CF}
		{CB9F503C-9FDA-445E-9039-298E50197D84} = {D46C2469-08AA-4454-83AE-FBF4DFF261EA}
		{DF7ED2CD-38D4-49D4-9F04-E10A73C3BB4D} = {CB9F503C-9FDA-445E-9039-298E50197D84}
		{32821989-735C-492D-9E29-7A85E3C0C3C1} = {D46C2469-08AA-4454-83AE-FBF4DFF261EA}
		{1BABD713-454D-4C9E-9FE8-5F5623267F97} = {32821989-735C-492D-9E29-7A85E3C0C3C1}
	EndGlobalSection
	GlobalSection(ProjectConfigurationPlatforms) = postSolution
		{7C9DF8A2-1F0C-4FE6-8DA5-E05A2CA4C2DF}.Debug|Any CPU.ActiveCfg = Debug|Any CPU
		{7C9DF8A2-1F0C-4FE6-8DA5-E05A2CA4C2DF}.Debug|Any CPU.Build.0 = Debug|Any CPU
		{7C9DF8A2-1F0C-4FE6-8DA5-E05A2CA4C2DF}.Release|Any CPU.ActiveCfg = Release|Any CPU
		{7C9DF8A2-1F0C-4FE6-8DA5-E05A2CA4C2DF}.Release|Any CPU.Build.0 = Release|Any CPU
		{82EB2849-D1CB-4F24-945C-A0D5968DEFE2}.Debug|Any CPU.ActiveCfg = Debug|Any CPU
		{82EB2849-D1CB-4F24-945C-A0D5968DEFE2}.Debug|Any CPU.Build.0 = Debug|Any CPU
		{82EB2849-D1CB-4F24-945C-A0D5968DEFE2}.Release|Any CPU.ActiveCfg = Release|Any CPU
		{82EB2849-D1CB-4F24-945C-A0D5968DEFE2}.Release|Any CPU.Build.0 = Release|Any CPU
		{DF7ED2CD-38D4-49D4-9F04-E10A73C3BB4D}.Debug|Any CPU.ActiveCfg = Debug|Any CPU
		{DF7ED2CD-38D4-49D4-9F04-E10A73C3BB4D}.Debug|Any CPU.Build.0 = Debug|Any CPU
		{DF7ED2CD-38D4-49D4-9F04-E10A73C3BB4D}.Release|Any CPU.ActiveCfg = Release|Any CPU
		{DF7ED2CD-38D4-49D4-9F04-E10A73C3BB4D}.Release|Any CPU.Build.0 = Release|Any CPU
		{1BABD713-454D-4C9E-9FE8-5F5623267F97}.Debug|Any CPU.ActiveCfg = Debug|Any CPU
		{1BABD713-454D-4C9E-9FE8-5F5623267F97}.Debug|Any CPU.Build.0 = Debug|Any CPU
		{1BABD713-454D-4C9E-9FE8-5F5623267F97}.Release|Any CPU.ActiveCfg = Release|Any CPU
		{1BABD713-454D-4C9E-9FE8-5F5623267F97}.Release|Any CPU.Build.0 = Release|Any CPU
	EndGlobalSection
EndGlobal
